
Microsoft Visual Studio Solution File, Format Version 12.00
# Visual Studio 15
VisualStudioVersion = 15.0.27130.2027
MinimumVisualStudioVersion = 10.0.40219.1
Project("{FAE04EC0-301F-11D3-BF4B-00C04F79EFBC}") = "EnalyzerATM.WebUI", "EnalyzerATM.WebUI\EnalyzerATM.WebUI.csproj", "{94F791B9-0817-4D00-B9A6-2CC4462C1CAE}"
EndProject
Project("{FAE04EC0-301F-11D3-BF4B-00C04F79EFBC}") = "EnalyzerATM.Resources", "EnalyzerATM.Resources\EnalyzerATM.Resources.csproj", "{FD88F1BA-78B1-4998-B3E4-0E8187F18D00}"
EndProject
Global
	GlobalSection(SolutionConfigurationPlatforms) = preSolution
		Debug|Any CPU = Debug|Any CPU
		Release|Any CPU = Release|Any CPU
	EndGlobalSection
	GlobalSection(ProjectConfigurationPlatforms) = postSolution
		{94F791B9-0817-4D00-B9A6-2CC4462C1CAE}.Debug|Any CPU.ActiveCfg = Debug|Any CPU
		{94F791B9-0817-4D00-B9A6-2CC4462C1CAE}.Debug|Any CPU.Build.0 = Debug|Any CPU
		{94F791B9-0817-4D00-B9A6-2CC4462C1CAE}.Release|Any CPU.ActiveCfg = Release|Any CPU
		{94F791B9-0817-4D00-B9A6-2CC4462C1CAE}.Release|Any CPU.Build.0 = Release|Any CPU
		{FD88F1BA-78B1-4998-B3E4-0E8187F18D00}.Debug|Any CPU.ActiveCfg = Debug|Any CPU
		{FD88F1BA-78B1-4998-B3E4-0E8187F18D00}.Debug|Any CPU.Build.0 = Debug|Any CPU
		{FD88F1BA-78B1-4998-B3E4-0E8187F18D00}.Release|Any CPU.ActiveCfg = Release|Any CPU
		{FD88F1BA-78B1-4998-B3E4-0E8187F18D00}.Release|Any CPU.Build.0 = Release|Any CPU
	EndGlobalSection
	GlobalSection(SolutionProperties) = preSolution
		HideSolutionNode = FALSE
	EndGlobalSection
	GlobalSection(ExtensibilityGlobals) = postSolution
		SolutionGuid = {4A43478E-03D0-46E6-8EBF-60C1AB7BFD30}
	EndGlobalSection
EndGlobal
